
Microsoft Visual Studio Solution File, Format Version 12.00
# Visual Studio Version 17
VisualStudioVersion = 17.6.33829.357
MinimumVisualStudioVersion = 10.0.40219.1
Project("{FAE04EC0-301F-11D3-BF4B-00C04F79EFBC}") = "ConsoleTextMenu", "ConsoleTextMenu.csproj", "{3BC25131-C057-4DD5-983F-68F329E35B20}"
EndProject
Global
	GlobalSection(SolutionConfigurationPlatforms) = preSolution
		Debug|Any CPU = Debug|Any CPU
		Release|Any CPU = Release|Any CPU
	EndGlobalSection
	GlobalSection(ProjectConfigurationPlatforms) = postSolution
		{3BC25131-C057-4DD5-983F-68F329E35B20}.Debug|Any CPU.ActiveCfg = Debug|Any CPU
		{3BC25131-C057-4DD5-983F-68F329E35B20}.Debug|Any CPU.Build.0 = Debug|Any CPU
		{3BC25131-C057-4DD5-983F-68F329E35B20}.Release|Any CPU.ActiveCfg = Release|Any CPU
		{3BC25131-C057-4DD5-983F-68F329E35B20}.Release|Any CPU.Build.0 = Release|Any CPU
	EndGlobalSection
	GlobalSection(SolutionProperties) = preSolution
		HideSolutionNode = FALSE
	EndGlobalSection
	GlobalSection(ExtensibilityGlobals) = postSolution
		SolutionGuid = {75B0052D-65B0-44A7-B79E-9B9FC9AD34B4}
	EndGlobalSection
EndGlobal
